
Microsoft Visual Studio Solution File, Format Version 10.00
# Visual Studio 2008
Project("{FAE04EC0-301F-11D3-BF4B-00C04F79EFBC}") = "手速测试", "手速测试\手速测试.csproj", "{F22F305D-6A90-4BB5-A9E3-C25D355CC883}"
EndProject
Global
	GlobalSection(SolutionConfigurationPlatforms) = preSolution
		Debug|Any CPU = Debug|Any CPU
		Release|Any CPU = Release|Any CPU
	EndGlobalSection
	GlobalSection(ProjectConfigurationPlatforms) = postSolution
		{F22F305D-6A90-4BB5-A9E3-C25D355CC883}.Debug|Any CPU.ActiveCfg = Debug|Any CPU
		{F22F305D-6A90-4BB5-A9E3-C25D355CC883}.Debug|Any CPU.Build.0 = Debug|Any CPU
		{F22F305D-6A90-4BB5-A9E3-C25D355CC883}.Release|Any CPU.ActiveCfg = Release|Any CPU
		{F22F305D-6A90-4BB5-A9E3-C25D355CC883}.Release|Any CPU.Build.0 = Release|Any CPU
	EndGlobalSection
	GlobalSection(SolutionProperties) = preSolution
		HideSolutionNode = FALSE
	EndGlobalSection
EndGlobal
